<?xml version="1.0" encoding="utf-8"?>
<Project ToolsVersion="4.0" xmlns="http://schemas.microsoft.com/developer/msbuild/2003">
  <ItemGroup>
    <Filter Include="Source Files">
      <UniqueIdentifier>{4FC737F1-C7A5-4376-A066-2A32D752A2FF}</UniqueIdentifier>
      <Extensions>cpp;c;cc;cxx;def;odl;idl;hpj;bat;asm;asmx</Extensions>
    </Filter>
    <Filter Include="Header Files">
      <UniqueIdentifier>{93995380-89BD-4b04-88EB-625FBE52EBFB}</UniqueIdentifier>
      <Extensions>h;hpp;hxx;hm;inl;inc;xsd</Extensions>
    </Filter>
    <Filter Include="Resource Files">
      <UniqueIdentifier>{67DA6AB6-F800-4c08-8B7A-83BB121AAD01}</UniqueIdentifier>
      <Extensions>rc;ico;cur;bmp;dlg;rc2;rct;bin;rgs;gif;jpg;jpeg;jpe;resx;tiff;tif;png;wav</Extensions>
    </Filter>
  </ItemGroup>
  <ItemGroup>
    <ClInclude Include="complex.h">
      <Filter>Header Files</Filter>
    </ClInclude>
    <ClInclude Include="cospmls.h">
      <Filter>Header Files</Filter>
    </ClInclude>
    <ClInclude Include="csecond.h">
      <Filter>Header Files</Filter>
    </ClInclude>
    <ClInclude Include="fft_grids.h">
      <Filter>Header Files</Filter>
    </ClInclude>
    <ClInclude Include="fft_grids_so3.h">
      <Filter>Header Files</Filter>
    </ClInclude>
    <ClInclude Include="FFTcode.h">
      <Filter>Header Files</Filter>
    </ClInclude>
    <ClInclude Include="FST_semi_memo.h">
      <Filter>Header Files</Filter>
    </ClInclude>
    <ClInclude Include="FST_semi_memo_fftw.h">
      <Filter>Header Files</Filter>
    </ClInclude>
    <ClInclude Include="indextables.h">
      <Filter>Header Files</Filter>
    </ClInclude>
    <ClInclude Include="makeWigner.h">
      <Filter>Header Files</Filter>
    </ClInclude>
    <ClInclude Include="naive_synthesis.h">
      <Filter>Header Files</Filter>
    </ClInclude>
    <ClInclude Include="newFCT.h">
      <Filter>Header Files</Filter>
    </ClInclude>
    <ClInclude Include="oddweights.h">
      <Filter>Header Files</Filter>
    </ClInclude>
    <ClInclude Include="OURmods.h">
      <Filter>Header Files</Filter>
    </ClInclude>
    <ClInclude Include="OURperms.h">
      <Filter>Header Files</Filter>
    </ClInclude>
    <ClInclude Include="permroots.h">
      <Filter>Header Files</Filter>
    </ClInclude>
    <ClInclude Include="primitive.h">
      <Filter>Header Files</Filter>
    </ClInclude>
    <ClInclude Include="primitive_FST.h">
      <Filter>Header Files</Filter>
    </ClInclude>
    <ClInclude Include="rotate_so3.h">
      <Filter>Header Files</Filter>
    </ClInclude>
    <ClInclude Include="rotate_so3_mem.h">
      <Filter>Header Files</Filter>
    </ClInclude>
    <ClInclude Include="seminaive.h">
      <Filter>Header Files</Filter>
    </ClInclude>
    <ClInclude Include="seminaive_fftw.h">
      <Filter>Header Files</Filter>
    </ClInclude>
    <ClInclude Include="so3_correlate_fftw.h">
      <Filter>Header Files</Filter>
    </ClInclude>
    <ClInclude Include="so3_correlate_sym.h">
      <Filter>Header Files</Filter>
    </ClInclude>
    <ClInclude Include="soft.h">
      <Filter>Header Files</Filter>
    </ClInclude>
    <ClInclude Include="soft_fftw.h">
      <Filter>Header Files</Filter>
    </ClInclude>
    <ClInclude Include="soft_fftw_pc.h">
      <Filter>Header Files</Filter>
    </ClInclude>
    <ClInclude Include="soft_fftw_wo.h">
      <Filter>Header Files</Filter>
    </ClInclude>
    <ClInclude Include="soft_sym.h">
      <Filter>Header Files</Filter>
    </ClInclude>
    <ClInclude Include="utils_so3.h">
      <Filter>Header Files</Filter>
    </ClInclude>
    <ClInclude Include="utils_vec_cx.h">
      <Filter>Header Files</Filter>
    </ClInclude>
    <ClInclude Include="weights.h">
      <Filter>Header Files</Filter>
    </ClInclude>
    <ClInclude Include="wignerTransforms.h">
      <Filter>Header Files</Filter>
    </ClInclude>
    <ClInclude Include="wignerTransforms_fftw.h">
      <Filter>Header Files</Filter>
    </ClInclude>
    <ClInclude Include="wignerTransforms_sym.h">
      <Filter>Header Files</Filter>
    </ClInclude>
  </ItemGroup>
  <ItemGroup>
    <ClCompile Include="cospmls.cpp">
      <Filter>Source Files</Filter>
    </ClCompile>
    <ClCompile Include="csecond.cpp">
      <Filter>Source Files</Filter>
    </ClCompile>
    <ClCompile Include="fft_grids.cpp">
      <Filter>Source Files</Filter>
    </ClCompile>
    <ClCompile Include="fft_grids_so3.cpp">
      <Filter>Source Files</Filter>
    </ClCompile>
    <ClCompile Include="FFTcode.cpp">
      <Filter>Source Files</Filter>
    </ClCompile>
    <ClCompile Include="FST_semi_memo.cpp">
      <Filter>Source Files</Filter>
    </ClCompile>
    <ClCompile Include="FST_semi_memo_fftw.cpp">
      <Filter>Source Files</Filter>
    </ClCompile>
    <ClCompile Include="indextables.cpp">
      <Filter>Source Files</Filter>
    </ClCompile>
    <ClCompile Include="makeWigner.cpp">
      <Filter>Source Files</Filter>
    </ClCompile>
    <ClCompile Include="naive_synthesis.cpp">
      <Filter>Source Files</Filter>
    </ClCompile>
    <ClCompile Include="newFCT.cpp">
      <Filter>Source Files</Filter>
    </ClCompile>
    <ClCompile Include="oddweights.cpp">
      <Filter>Source Files</Filter>
    </ClCompile>
    <ClCompile Include="OURmods.cpp">
      <Filter>Source Files</Filter>
    </ClCompile>
    <ClCompile Include="OURperms.cpp">
      <Filter>Source Files</Filter>
    </ClCompile>
    <ClCompile Include="permroots.cpp">
      <Filter>Source Files</Filter>
    </ClCompile>
    <ClCompile Include="primitive.cpp">
      <Filter>Source Files</Filter>
    </ClCompile>
    <ClCompile Include="primitive_FST.cpp">
      <Filter>Source Files</Filter>
    </ClCompile>
    <ClCompile Include="rotate_so3.cpp">
      <Filter>Source Files</Filter>
    </ClCompile>
    <ClCompile Include="rotate_so3_mem.cpp">
      <Filter>Source Files</Filter>
    </ClCompile>
    <ClCompile Include="seminaive.cpp">
      <Filter>Source Files</Filter>
    </ClCompile>
    <ClCompile Include="seminaive_fftw.cpp">
      <Filter>Source Files</Filter>
    </ClCompile>
    <ClCompile Include="so3_correlate_fftw.cpp">
      <Filter>Source Files</Filter>
    </ClCompile>
    <ClCompile Include="so3_correlate_sym.cpp">
      <Filter>Source Files</Filter>
    </ClCompile>
    <ClCompile Include="soft.cpp">
      <Filter>Source Files</Filter>
    </ClCompile>
    <ClCompile Include="soft_fftw.cpp">
      <Filter>Source Files</Filter>
    </ClCompile>
    <ClCompile Include="soft_fftw_pc.cpp">
      <Filter>Source Files</Filter>
    </ClCompile>
    <ClCompile Include="soft_fftw_wo.cpp">
      <Filter>Source Files</Filter>
    </ClCompile>
    <ClCompile Include="soft_sym.cpp">
      <Filter>Source Files</Filter>
    </ClCompile>
    <ClCompile Include="utils_so3.cpp">
      <Filter>Source Files</Filter>
    </ClCompile>
    <ClCompile Include="utils_vec_cx.cpp">
      <Filter>Source Files</Filter>
    </ClCompile>
    <ClCompile Include="weights.cpp">
      <Filter>Source Files</Filter>
    </ClCompile>
    <ClCompile Include="wignerTransforms.cpp">
      <Filter>Source Files</Filter>
    </ClCompile>
    <ClCompile Include="wignerTransforms_fftw.cpp">
      <Filter>Source Files</Filter>
    </ClCompile>
    <ClCompile Include="wignerTransforms_sym.cpp">
      <Filter>Source Files</Filter>
    </ClCompile>
  </ItemGroup>
</Project>