
Microsoft Visual Studio Solution File, Format Version 12.00
# Visual Studio 15
VisualStudioVersion = 15.0.28307.106
MinimumVisualStudioVersion = 10.0.40219.1
Project("{8BC9CEB8-8B4A-11D0-8D11-00A0C91BC942}") = "Util", "Util\Util.vcxproj", "{E703ADB8-D370-4101-9D8D-58F242ED7540}"
EndProject
Project("{8BC9CEB8-8B4A-11D0-8D11-00A0C91BC942}") = "ShapeAlign", "ShapeAlign\ShapeAlign.vcxproj", "{264442C6-1714-4557-9101-E8C578A5526B}"
	ProjectSection(ProjectDependencies) = postProject
		{309F1A4F-6E10-4EA2-AA9D-65B8618ABB11} = {309F1A4F-6E10-4EA2-AA9D-65B8618ABB11}
		{E703ADB8-D370-4101-9D8D-58F242ED7540} = {E703ADB8-D370-4101-9D8D-58F242ED7540}
	EndProjectSection
EndProject
Project("{8BC9CEB8-8B4A-11D0-8D11-00A0C91BC942}") = "ShapeSymmetry", "ShapeSymmetry\ShapeSymmetry.vcxproj", "{3C9AFC51-F5C1-46FF-8B27-93466F2C2991}"
	ProjectSection(ProjectDependencies) = postProject
		{309F1A4F-6E10-4EA2-AA9D-65B8618ABB11} = {309F1A4F-6E10-4EA2-AA9D-65B8618ABB11}
		{E703ADB8-D370-4101-9D8D-58F242ED7540} = {E703ADB8-D370-4101-9D8D-58F242ED7540}
	EndProjectSection
EndProject
Project("{2150E333-8FDC-42A3-9474-1A3956D46DE8}") = "SignalProcessing", "SignalProcessing", "{35BE5AF6-047C-478E-9C1F-87EA91EA1A8B}"
	ProjectSection(SolutionItems) = preProject
		SignalProcessing\CircularArray.h = SignalProcessing\CircularArray.h
		SignalProcessing\CircularArray.inl = SignalProcessing\CircularArray.inl
		SignalProcessing\Complex.h = SignalProcessing\Complex.h
		SignalProcessing\Complex.inl = SignalProcessing\Complex.inl
		SignalProcessing\CubeGrid.h = SignalProcessing\CubeGrid.h
		SignalProcessing\CubeGrid.inl = SignalProcessing\CubeGrid.inl
		SignalProcessing\Fourier.h = SignalProcessing\Fourier.h
		SignalProcessing\Fourier1D.inl = SignalProcessing\Fourier1D.inl
		SignalProcessing\Fourier2D.inl = SignalProcessing\Fourier2D.inl
		SignalProcessing\FourierS2.inl = SignalProcessing\FourierS2.inl
		SignalProcessing\FourierSO3.inl = SignalProcessing\FourierSO3.inl
		SignalProcessing\RotationGrid.h = SignalProcessing\RotationGrid.h
		SignalProcessing\RotationGrid.inl = SignalProcessing\RotationGrid.inl
		SignalProcessing\SphericalGrid.h = SignalProcessing\SphericalGrid.h
		SignalProcessing\SphericalGrid.inl = SignalProcessing\SphericalGrid.inl
		SignalProcessing\SquareGrid.h = SignalProcessing\SquareGrid.h
		SignalProcessing\SquareGrid.inl = SignalProcessing\SquareGrid.inl
	EndProjectSection
EndProject
Project("{8BC9CEB8-8B4A-11D0-8D11-00A0C91BC942}") = "Soft10", "Soft10\Soft10.vcxproj", "{309F1A4F-6E10-4EA2-AA9D-65B8618ABB11}"
EndProject
Project("{8BC9CEB8-8B4A-11D0-8D11-00A0C91BC942}") = "ShapeDescriptor", "ShapeDescriptor\ShapeDescriptor.vcxproj", "{57CDFD39-6A6D-4161-958D-9A3099A92A7A}"
EndProject
Global
	GlobalSection(SolutionConfigurationPlatforms) = preSolution
		Debug|x64 = Debug|x64
		Debug|x86 = Debug|x86
		Release|x64 = Release|x64
		Release|x86 = Release|x86
	EndGlobalSection
	GlobalSection(ProjectConfigurationPlatforms) = postSolution
		{E703ADB8-D370-4101-9D8D-58F242ED7540}.Debug|x64.ActiveCfg = Debug|x64
		{E703ADB8-D370-4101-9D8D-58F242ED7540}.Debug|x64.Build.0 = Debug|x64
		{E703ADB8-D370-4101-9D8D-58F242ED7540}.Debug|x86.ActiveCfg = Debug|Win32
		{E703ADB8-D370-4101-9D8D-58F242ED7540}.Debug|x86.Build.0 = Debug|Win32
		{E703ADB8-D370-4101-9D8D-58F242ED7540}.Release|x64.ActiveCfg = Release|x64
		{E703ADB8-D370-4101-9D8D-58F242ED7540}.Release|x64.Build.0 = Release|x64
		{E703ADB8-D370-4101-9D8D-58F242ED7540}.Release|x86.ActiveCfg = Release|Win32
		{E703ADB8-D370-4101-9D8D-58F242ED7540}.Release|x86.Build.0 = Release|Win32
		{264442C6-1714-4557-9101-E8C578A5526B}.Debug|x64.ActiveCfg = Debug|x64
		{264442C6-1714-4557-9101-E8C578A5526B}.Debug|x64.Build.0 = Debug|x64
		{264442C6-1714-4557-9101-E8C578A5526B}.Debug|x86.ActiveCfg = Debug|Win32
		{264442C6-1714-4557-9101-E8C578A5526B}.Debug|x86.Build.0 = Debug|Win32
		{264442C6-1714-4557-9101-E8C578A5526B}.Release|x64.ActiveCfg = Release|x64
		{264442C6-1714-4557-9101-E8C578A5526B}.Release|x64.Build.0 = Release|x64
		{264442C6-1714-4557-9101-E8C578A5526B}.Release|x86.ActiveCfg = Release|Win32
		{264442C6-1714-4557-9101-E8C578A5526B}.Release|x86.Build.0 = Release|Win32
		{3C9AFC51-F5C1-46FF-8B27-93466F2C2991}.Debug|x64.ActiveCfg = Debug|x64
		{3C9AFC51-F5C1-46FF-8B27-93466F2C2991}.Debug|x64.Build.0 = Debug|x64
		{3C9AFC51-F5C1-46FF-8B27-93466F2C2991}.Debug|x86.ActiveCfg = Debug|Win32
		{3C9AFC51-F5C1-46FF-8B27-93466F2C2991}.Debug|x86.Build.0 = Debug|Win32
		{3C9AFC51-F5C1-46FF-8B27-93466F2C2991}.Release|x64.ActiveCfg = Release|x64
		{3C9AFC51-F5C1-46FF-8B27-93466F2C2991}.Release|x64.Build.0 = Release|x64
		{3C9AFC51-F5C1-46FF-8B27-93466F2C2991}.Release|x86.ActiveCfg = Release|Win32
		{3C9AFC51-F5C1-46FF-8B27-93466F2C2991}.Release|x86.Build.0 = Release|Win32
		{309F1A4F-6E10-4EA2-AA9D-65B8618ABB11}.Debug|x64.ActiveCfg = Debug|x64
		{309F1A4F-6E10-4EA2-AA9D-65B8618ABB11}.Debug|x64.Build.0 = Debug|x64
		{309F1A4F-6E10-4EA2-AA9D-65B8618ABB11}.Debug|x86.ActiveCfg = Debug|x64
		{309F1A4F-6E10-4EA2-AA9D-65B8618ABB11}.Release|x64.ActiveCfg = Release|x64
		{309F1A4F-6E10-4EA2-AA9D-65B8618ABB11}.Release|x64.Build.0 = Release|x64
		{309F1A4F-6E10-4EA2-AA9D-65B8618ABB11}.Release|x86.ActiveCfg = Release|x64
		{57CDFD39-6A6D-4161-958D-9A3099A92A7A}.Debug|x64.ActiveCfg = Debug|x64
		{57CDFD39-6A6D-4161-958D-9A3099A92A7A}.Debug|x64.Build.0 = Debug|x64
		{57CDFD39-6A6D-4161-958D-9A3099A92A7A}.Debug|x86.ActiveCfg = Debug|Win32
		{57CDFD39-6A6D-4161-958D-9A3099A92A7A}.Debug|x86.Build.0 = Debug|Win32
		{57CDFD39-6A6D-4161-958D-9A3099A92A7A}.Release|x64.ActiveCfg = Release|x64
		{57CDFD39-6A6D-4161-958D-9A3099A92A7A}.Release|x64.Build.0 = Release|x64
		{57CDFD39-6A6D-4161-958D-9A3099A92A7A}.Release|x86.ActiveCfg = Release|Win32
		{57CDFD39-6A6D-4161-958D-9A3099A92A7A}.Release|x86.Build.0 = Release|Win32
	EndGlobalSection
	GlobalSection(SolutionProperties) = preSolution
		HideSolutionNode = FALSE
	EndGlobalSection
	GlobalSection(ExtensibilityGlobals) = postSolution
		SolutionGuid = {DE7639E0-1F4C-4F18-8D03-694891015DA0}
	EndGlobalSection
EndGlobal
